
Microsoft Visual Studio Solution File, Format Version 12.00
# Visual Studio 2012
Project("{FAE04EC0-301F-11D3-BF4B-00C04F79EFBC}") = "XForms", "XForms\XForms.csproj", "{2DDA451A-2159-4B50-BCF4-DADAF5FFB457}"
EndProject
Project("{FAE04EC0-301F-11D3-BF4B-00C04F79EFBC}") = "XForms.iOS", "iOS\XForms.iOS.csproj", "{BD5BD8F1-FC76-476C-BEE0-F496F81CBAF7}"
EndProject
Project("{FAE04EC0-301F-11D3-BF4B-00C04F79EFBC}") = "MyPal.Droid", "Droid\MyPal.Droid.csproj", "{F56DC7F5-3DC9-4B06-859B-08411024949B}"
EndProject
Global
	GlobalSection(SolutionConfigurationPlatforms) = preSolution
		Debug|Any CPU = Debug|Any CPU
		Release|Any CPU = Release|Any CPU
		Debug|iPhoneSimulator = Debug|iPhoneSimulator
		Release|iPhone = Release|iPhone
		Release|iPhoneSimulator = Release|iPhoneSimulator
		Debug|iPhone = Debug|iPhone
	EndGlobalSection
	GlobalSection(ProjectConfigurationPlatforms) = postSolution
		{2DDA451A-2159-4B50-BCF4-DADAF5FFB457}.Debug|Any CPU.ActiveCfg = Debug|Any CPU
		{2DDA451A-2159-4B50-BCF4-DADAF5FFB457}.Debug|Any CPU.Build.0 = Debug|Any CPU
		{2DDA451A-2159-4B50-BCF4-DADAF5FFB457}.Debug|iPhone.ActiveCfg = Debug|Any CPU
		{2DDA451A-2159-4B50-BCF4-DADAF5FFB457}.Debug|iPhone.Build.0 = Debug|Any CPU
		{2DDA451A-2159-4B50-BCF4-DADAF5FFB457}.Debug|iPhoneSimulator.ActiveCfg = Debug|Any CPU
		{2DDA451A-2159-4B50-BCF4-DADAF5FFB457}.Debug|iPhoneSimulator.Build.0 = Debug|Any CPU
		{2DDA451A-2159-4B50-BCF4-DADAF5FFB457}.Release|Any CPU.ActiveCfg = Release|Any CPU
		{2DDA451A-2159-4B50-BCF4-DADAF5FFB457}.Release|Any CPU.Build.0 = Release|Any CPU
		{2DDA451A-2159-4B50-BCF4-DADAF5FFB457}.Release|iPhone.ActiveCfg = Release|Any CPU
		{2DDA451A-2159-4B50-BCF4-DADAF5FFB457}.Release|iPhone.Build.0 = Release|Any CPU
		{2DDA451A-2159-4B50-BCF4-DADAF5FFB457}.Release|iPhoneSimulator.ActiveCfg = Release|Any CPU
		{2DDA451A-2159-4B50-BCF4-DADAF5FFB457}.Release|iPhoneSimulator.Build.0 = Release|Any CPU
		{BD5BD8F1-FC76-476C-BEE0-F496F81CBAF7}.Debug|Any CPU.ActiveCfg = Debug|iPhoneSimulator
		{BD5BD8F1-FC76-476C-BEE0-F496F81CBAF7}.Debug|Any CPU.Build.0 = Debug|iPhoneSimulator
		{BD5BD8F1-FC76-476C-BEE0-F496F81CBAF7}.Debug|iPhone.ActiveCfg = Debug|iPhone
		{BD5BD8F1-FC76-476C-BEE0-F496F81CBAF7}.Debug|iPhone.Build.0 = Debug|iPhone
		{BD5BD8F1-FC76-476C-BEE0-F496F81CBAF7}.Debug|iPhoneSimulator.ActiveCfg = Debug|iPhoneSimulator
		{BD5BD8F1-FC76-476C-BEE0-F496F81CBAF7}.Debug|iPhoneSimulator.Build.0 = Debug|iPhoneSimulator
		{BD5BD8F1-FC76-476C-BEE0-F496F81CBAF7}.Release|Any CPU.ActiveCfg = Release|iPhone
		{BD5BD8F1-FC76-476C-BEE0-F496F81CBAF7}.Release|Any CPU.Build.0 = Release|iPhone
		{BD5BD8F1-FC76-476C-BEE0-F496F81CBAF7}.Release|iPhone.ActiveCfg = Release|iPhone
		{BD5BD8F1-FC76-476C-BEE0-F496F81CBAF7}.Release|iPhone.Build.0 = Release|iPhone
		{BD5BD8F1-FC76-476C-BEE0-F496F81CBAF7}.Release|iPhoneSimulator.ActiveCfg = Release|iPhoneSimulator
		{BD5BD8F1-FC76-476C-BEE0-F496F81CBAF7}.Release|iPhoneSimulator.Build.0 = Release|iPhoneSimulator
		{F56DC7F5-3DC9-4B06-859B-08411024949B}.Debug|Any CPU.ActiveCfg = Debug|Any CPU
		{F56DC7F5-3DC9-4B06-859B-08411024949B}.Debug|Any CPU.Build.0 = Debug|Any CPU
		{F56DC7F5-3DC9-4B06-859B-08411024949B}.Debug|iPhone.ActiveCfg = Debug|Any CPU
		{F56DC7F5-3DC9-4B06-859B-08411024949B}.Debug|iPhone.Build.0 = Debug|Any CPU
		{F56DC7F5-3DC9-4B06-859B-08411024949B}.Debug|iPhoneSimulator.ActiveCfg = Debug|Any CPU
		{F56DC7F5-3DC9-4B06-859B-08411024949B}.Debug|iPhoneSimulator.Build.0 = Debug|Any CPU
		{F56DC7F5-3DC9-4B06-859B-08411024949B}.Release|Any CPU.ActiveCfg = Release|Any CPU
		{F56DC7F5-3DC9-4B06-859B-08411024949B}.Release|Any CPU.Build.0 = Release|Any CPU
		{F56DC7F5-3DC9-4B06-859B-08411024949B}.Release|iPhone.ActiveCfg = Release|Any CPU
		{F56DC7F5-3DC9-4B06-859B-08411024949B}.Release|iPhone.Build.0 = Release|Any CPU
		{F56DC7F5-3DC9-4B06-859B-08411024949B}.Release|iPhoneSimulator.ActiveCfg = Release|Any CPU
		{F56DC7F5-3DC9-4B06-859B-08411024949B}.Release|iPhoneSimulator.Build.0 = Release|Any CPU
	EndGlobalSection
EndGlobal
